
Microsoft Visual Studio Solution File, Format Version 12.00
# Visual Studio Version 16
VisualStudioVersion = 16.0.29911.84
MinimumVisualStudioVersion = 10.0.40219.1
Project("{FAE04EC0-301F-11D3-BF4B-00C04F79EFBC}") = "countElementInArray", "countElementInArray\countElementInArray.csproj", "{17E8E4D1-1B78-4BB1-AEAF-A4052320AB3D}"
EndProject
Global
	GlobalSection(SolutionConfigurationPlatforms) = preSolution
		Debug|Any CPU = Debug|Any CPU
		Release|Any CPU = Release|Any CPU
	EndGlobalSection
	GlobalSection(ProjectConfigurationPlatforms) = postSolution
		{17E8E4D1-1B78-4BB1-AEAF-A4052320AB3D}.Debug|Any CPU.ActiveCfg = Debug|Any CPU
		{17E8E4D1-1B78-4BB1-AEAF-A4052320AB3D}.Debug|Any CPU.Build.0 = Debug|Any CPU
		{17E8E4D1-1B78-4BB1-AEAF-A4052320AB3D}.Release|Any CPU.ActiveCfg = Release|Any CPU
		{17E8E4D1-1B78-4BB1-AEAF-A4052320AB3D}.Release|Any CPU.Build.0 = Release|Any CPU
	EndGlobalSection
	GlobalSection(SolutionProperties) = preSolution
		HideSolutionNode = FALSE
	EndGlobalSection
	GlobalSection(ExtensibilityGlobals) = postSolution
		SolutionGuid = {FB38F4A1-B677-402E-ADB4-54E6110E5A96}
	EndGlobalSection
EndGlobal
